// !$*UTF8*$!
{
	archiveVersion = 1;
	classes = {
	};
	objectVersion = 55;
	objects = {

/* Begin PBXBuildFile section */
		3AF8349E28C64B670019BA30 /* AppDelegate.swift in Sources */ = {isa = PBXBuildFile; fileRef = 3AF8349D28C64B670019BA30 /* AppDelegate.swift */; };
		3AF834A028C64B670019BA30 /* SceneDelegate.swift in Sources */ = {isa = PBXBuildFile; fileRef = 3AF8349F28C64B670019BA30 /* SceneDelegate.swift */; };
		3AF834A228C64B670019BA30 /* AlbumsViewController.swift in Sources */ = {isa = PBXBuildFile; fileRef = 3AF834A128C64B670019BA30 /* AlbumsViewController.swift */; };
		3AF834A528C64B670019BA30 /* Main.storyboard in Resources */ = {isa = PBXBuildFile; fileRef = 3AF834A328C64B670019BA30 /* Main.storyboard */; };
		3AF834A728C64B6A0019BA30 /* Assets.xcassets in Resources */ = {isa = PBXBuildFile; fileRef = 3AF834A628C64B6A0019BA30 /* Assets.xcassets */; };
		3AF834AA28C64B6A0019BA30 /* LaunchScreen.storyboard in Resources */ = {isa = PBXBuildFile; fileRef = 3AF834A828C64B6A0019BA30 /* LaunchScreen.storyboard */; };
		3AF834B328C64B8C0019BA30 /* SnapKit in Frameworks */ = {isa = PBXBuildFile; productRef = 3AF834B228C64B8C0019BA30 /* SnapKit */; };
		3AF834BC28C64E4D0019BA30 /* Model.swift in Sources */ = {isa = PBXBuildFile; fileRef = 3AF834BB28C64E4D0019BA30 /* Model.swift */; };
		3AF834BE28C650750019BA30 /* TabBarViewController.swift in Sources */ = {isa = PBXBuildFile; fileRef = 3AF834BD28C650750019BA30 /* TabBarViewController.swift */; };
		3AF834C328C7A5170019BA30 /* FirstCollectionViewCell.swift in Sources */ = {isa = PBXBuildFile; fileRef = 3AF834C228C7A5170019BA30 /* FirstCollectionViewCell.swift */; };
		3AF834C528C7A7A30019BA30 /* Extensions.swift in Sources */ = {isa = PBXBuildFile; fileRef = 3AF834C428C7A7A30019BA30 /* Extensions.swift */; };
/* End PBXBuildFile section */

/* Begin PBXFileReference section */
		3AF8349A28C64B670019BA30 /* HW14-Khrapov.app */ = {isa = PBXFileReference; explicitFileType = wrapper.application; includeInIndex = 0; path = "HW14-Khrapov.app"; sourceTree = BUILT_PRODUCTS_DIR; };
		3AF8349D28C64B670019BA30 /* AppDelegate.swift */ = {isa = PBXFileReference; lastKnownFileType = sourcecode.swift; path = AppDelegate.swift; sourceTree = "<group>"; };
		3AF8349F28C64B670019BA30 /* SceneDelegate.swift */ = {isa = PBXFileReference; lastKnownFileType = sourcecode.swift; path = SceneDelegate.swift; sourceTree = "<group>"; };
		3AF834A128C64B670019BA30 /* AlbumsViewController.swift */ = {isa = PBXFileReference; lastKnownFileType = sourcecode.swift; path = AlbumsViewController.swift; sourceTree = "<group>"; };
		3AF834A428C64B670019BA30 /* Base */ = {isa = PBXFileReference; lastKnownFileType = file.storyboard; name = Base; path = Base.lproj/Main.storyboard; sourceTree = "<group>"; };
		3AF834A628C64B6A0019BA30 /* Assets.xcassets */ = {isa = PBXFileReference; lastKnownFileType = folder.assetcatalog; path = Assets.xcassets; sourceTree = "<group>"; };
		3AF834A928C64B6A0019BA30 /* Base */ = {isa = PBXFileReference; lastKnownFileType = file.storyboard; name = Base; path = Base.lproj/LaunchScreen.storyboard; sourceTree = "<group>"; };
		3AF834AB28C64B6A0019BA30 /* Info.plist */ = {isa = PBXFileReference; lastKnownFileType = text.plist.xml; path = Info.plist; sourceTree = "<group>"; };
		3AF834BB28C64E4D0019BA30 /* Model.swift */ = {isa = PBXFileReference; lastKnownFileType = sourcecode.swift; path = Model.swift; sourceTree = "<group>"; };
		3AF834BD28C650750019BA30 /* TabBarViewController.swift */ = {isa = PBXFileReference; lastKnownFileType = sourcecode.swift; path = TabBarViewController.swift; sourceTree = "<group>"; };
		3AF834C228C7A5170019BA30 /* FirstCollectionViewCell.swift */ = {isa = PBXFileReference; lastKnownFileType = sourcecode.swift; path = FirstCollectionViewCell.swift; sourceTree = "<group>"; };
		3AF834C428C7A7A30019BA30 /* Extensions.swift */ = {isa = PBXFileReference; lastKnownFileType = sourcecode.swift; path = Extensions.swift; sourceTree = "<group>"; };
/* End PBXFileReference section */

/* Begin PBXFrameworksBuildPhase section */
		3AF8349728C64B670019BA30 /* Frameworks */ = {
			isa = PBXFrameworksBuildPhase;
			buildActionMask = 2147483647;
			files = (
				3AF834B328C64B8C0019BA30 /* SnapKit in Frameworks */,
			);
			runOnlyForDeploymentPostprocessing = 0;
		};
/* End PBXFrameworksBuildPhase section */

/* Begin PBXGroup section */
		3AF8349128C64B670019BA30 = {
			isa = PBXGroup;
			children = (
				3AF8349C28C64B670019BA30 /* HW14-Khrapov */,
				3AF8349B28C64B670019BA30 /* Products */,
			);
			sourceTree = "<group>";
		};
		3AF8349B28C64B670019BA30 /* Products */ = {
			isa = PBXGroup;
			children = (
				3AF8349A28C64B670019BA30 /* HW14-Khrapov.app */,
			);
			name = Products;
			sourceTree = "<group>";
		};
		3AF8349C28C64B670019BA30 /* HW14-Khrapov */ = {
			isa = PBXGroup;
			children = (
				3AF834B528C64D490019BA30 /* Sources */,
				3AF834B428C64D3B0019BA30 /* Resources */,
			);
			path = "HW14-Khrapov";
			sourceTree = "<group>";
		};
		3AF834B428C64D3B0019BA30 /* Resources */ = {
			isa = PBXGroup;
			children = (
				3AF834B928C64D680019BA30 /* Storyboards */,
				3AF834B828C64D5F0019BA30 /* Configs */,
				3AF834A628C64B6A0019BA30 /* Assets.xcassets */,
			);
			path = Resources;
			sourceTree = "<group>";
		};
		3AF834B528C64D490019BA30 /* Sources */ = {
			isa = PBXGroup;
			children = (
				3AF834BA28C64E300019BA30 /* Model */,
				3AF834B728C64D580019BA30 /* Scenes */,
				3AF834B628C64D520019BA30 /* App */,
			);
			path = Sources;
			sourceTree = "<group>";
		};
		3AF834B628C64D520019BA30 /* App */ = {
			isa = PBXGroup;
			children = (
				3AF8349D28C64B670019BA30 /* AppDelegate.swift */,
				3AF8349F28C64B670019BA30 /* SceneDelegate.swift */,
			);
			path = App;
			sourceTree = "<group>";
		};
		3AF834B728C64D580019BA30 /* Scenes */ = {
			isa = PBXGroup;
			children = (
				3AF834A128C64B670019BA30 /* AlbumsViewController.swift */,
				3AF834BD28C650750019BA30 /* TabBarViewController.swift */,
				3AF834BF28C7A4CD0019BA30 /* Cells */,
				3AF834C428C7A7A30019BA30 /* Extensions.swift */,
			);
			path = Scenes;
			sourceTree = "<group>";
		};
		3AF834B828C64D5F0019BA30 /* Configs */ = {
			isa = PBXGroup;
			children = (
				3AF834AB28C64B6A0019BA30 /* Info.plist */,
			);
			path = Configs;
			sourceTree = "<group>";
		};
		3AF834B928C64D680019BA30 /* Storyboards */ = {
			isa = PBXGroup;
			children = (
				3AF834A328C64B670019BA30 /* Main.storyboard */,
				3AF834A828C64B6A0019BA30 /* LaunchScreen.storyboard */,
			);
			path = Storyboards;
			sourceTree = "<group>";
		};
		3AF834BA28C64E300019BA30 /* Model */ = {
			isa = PBXGroup;
			children = (
				3AF834BB28C64E4D0019BA30 /* Model.swift */,
			);
			path = Model;
			sourceTree = "<group>";
		};
		3AF834BF28C7A4CD0019BA30 /* Cells */ = {
			isa = PBXGroup;
			children = (
				3AF834C228C7A5170019BA30 /* FirstCollectionViewCell.swift */,
			);
			path = Cells;
			sourceTree = "<group>";
		};
/* End PBXGroup section */

/* Begin PBXNativeTarget section */
		3AF8349928C64B670019BA30 /* HW14-Khrapov */ = {
			isa = PBXNativeTarget;
			buildConfigurationList = 3AF834AE28C64B6A0019BA30 /* Build configuration list for PBXNativeTarget "HW14-Khrapov" */;
			buildPhases = (
				3AF8349628C64B670019BA30 /* Sources */,
				3AF8349728C64B670019BA30 /* Frameworks */,
				3AF8349828C64B670019BA30 /* Resources */,
			);
			buildRules = (
			);
			dependencies = (
			);
			name = "HW14-Khrapov";
			packageProductDependencies = (
				3AF834B228C64B8C0019BA30 /* SnapKit */,
			);
			productName = "HW14-Khrapov";
			productReference = 3AF8349A28C64B670019BA30 /* HW14-Khrapov.app */;
			productType = "com.apple.product-type.application";
		};
/* End PBXNativeTarget section */

/* Begin PBXProject section */
		3AF8349228C64B670019BA30 /* Project object */ = {
			isa = PBXProject;
			attributes = {
				BuildIndependentTargetsInParallel = 1;
				LastSwiftUpdateCheck = 1340;
				LastUpgradeCheck = 1340;
				TargetAttributes = {
					3AF8349928C64B670019BA30 = {
						CreatedOnToolsVersion = 13.4.1;
					};
				};
			};
			buildConfigurationList = 3AF8349528C64B670019BA30 /* Build configuration list for PBXProject "HW14-Khrapov" */;
			compatibilityVersion = "Xcode 13.0";
			developmentRegion = en;
			hasScannedForEncodings = 0;
			knownRegions = (
				en,
				Base,
			);
			mainGroup = 3AF8349128C64B670019BA30;
			packageReferences = (
				3AF834B128C64B8C0019BA30 /* XCRemoteSwiftPackageReference "SnapKit" */,
			);
			productRefGroup = 3AF8349B28C64B670019BA30 /* Products */;
			projectDirPath = "";
			projectRoot = "";
			targets = (
				3AF8349928C64B670019BA30 /* HW14-Khrapov */,
			);
		};
/* End PBXProject section */

/* Begin PBXResourcesBuildPhase section */
		3AF8349828C64B670019BA30 /* Resources */ = {
			isa = PBXResourcesBuildPhase;
			buildActionMask = 2147483647;
			files = (
				3AF834AA28C64B6A0019BA30 /* LaunchScreen.storyboard in Resources */,
				3AF834A728C64B6A0019BA30 /* Assets.xcassets in Resources */,
				3AF834A528C64B670019BA30 /* Main.storyboard in Resources */,
			);
			runOnlyForDeploymentPostprocessing = 0;
		};
/* End PBXResourcesBuildPhase section */

/* Begin PBXSourcesBuildPhase section */
		3AF8349628C64B670019BA30 /* Sources */ = {
			isa = PBXSourcesBuildPhase;
			buildActionMask = 2147483647;
			files = (
				3AF834A228C64B670019BA30 /* AlbumsViewController.swift in Sources */,
				3AF8349E28C64B670019BA30 /* AppDelegate.swift in Sources */,
				3AF834A028C64B670019BA30 /* SceneDelegate.swift in Sources */,
				3AF834C328C7A5170019BA30 /* FirstCollectionViewCell.swift in Sources */,
				3AF834BE28C650750019BA30 /* TabBarViewController.swift in Sources */,
				3AF834BC28C64E4D0019BA30 /* Model.swift in Sources */,
				3AF834C528C7A7A30019BA30 /* Extensions.swift in Sources */,
			);
			runOnlyForDeploymentPostprocessing = 0;
		};
/* End PBXSourcesBuildPhase section */

/* Begin PBXVariantGroup section */
		3AF834A328C64B670019BA30 /* Main.storyboard */ = {
			isa = PBXVariantGroup;
			children = (
				3AF834A428C64B670019BA30 /* Base */,
			);
			name = Main.storyboard;
			sourceTree = "<group>";
		};
		3AF834A828C64B6A0019BA30 /* LaunchScreen.storyboard */ = {
			isa = PBXVariantGroup;
			children = (
				3AF834A928C64B6A0019BA30 /* Base */,
			);
			name = LaunchScreen.storyboard;
			sourceTree = "<group>";
		};
/* End PBXVariantGroup section */

/* Begin XCBuildConfiguration section */
		3AF834AC28C64B6A0019BA30 /* Debug */ = {
			isa = XCBuildConfiguration;
			buildSettings = {
				ALWAYS_SEARCH_USER_PATHS = NO;
				CLANG_ANALYZER_NONNULL = YES;
				CLANG_ANALYZER_NUMBER_OBJECT_CONVERSION = YES_AGGRESSIVE;
				CLANG_CXX_LANGUAGE_STANDARD = "gnu++17";
				CLANG_ENABLE_MODULES = YES;
				CLANG_ENABLE_OBJC_ARC = YES;
				CLANG_ENABLE_OBJC_WEAK = YES;
				CLANG_WARN_BLOCK_CAPTURE_AUTORELEASING = YES;
				CLANG_WARN_BOOL_CONVERSION = YES;
				CLANG_WARN_COMMA = YES;
				CLANG_WARN_CONSTANT_CONVERSION = YES;
				CLANG_WARN_DEPRECATED_OBJC_IMPLEMENTATIONS = YES;
				CLANG_WARN_DIRECT_OBJC_ISA_USAGE = YES_ERROR;
				CLANG_WARN_DOCUMENTATION_COMMENTS = YES;
				CLANG_WARN_EMPTY_BODY = YES;
				CLANG_WARN_ENUM_CONVERSION = YES;
				CLANG_WARN_INFINITE_RECURSION = YES;
				CLANG_WARN_INT_CONVERSION = YES;
				CLANG_WARN_NON_LITERAL_NULL_CONVERSION = YES;
				CLANG_WARN_OBJC_IMPLICIT_RETAIN_SELF = YES;
				CLANG_WARN_OBJC_LITERAL_CONVERSION = YES;
				CLANG_WARN_OBJC_ROOT_CLASS = YES_ERROR;
				CLANG_WARN_QUOTED_INCLUDE_IN_FRAMEWORK_HEADER = YES;
				CLANG_WARN_RANGE_LOOP_ANALYSIS = YES;
				CLANG_WARN_STRICT_PROTOTYPES = YES;
				CLANG_WARN_SUSPICIOUS_MOVE = YES;
				CLANG_WARN_UNGUARDED_AVAILABILITY = YES_AGGRESSIVE;
				CLANG_WARN_UNREACHABLE_CODE = YES;
				CLANG_WARN__DUPLICATE_METHOD_MATCH = YES;
				COPY_PHASE_STRIP = NO;
				DEBUG_INFORMATION_FORMAT = dwarf;
				ENABLE_STRICT_OBJC_MSGSEND = YES;
				ENABLE_TESTABILITY = YES;
				GCC_C_LANGUAGE_STANDARD = gnu11;
				GCC_DYNAMIC_NO_PIC = NO;
				GCC_NO_COMMON_BLOCKS = YES;
				GCC_OPTIMIZATION_LEVEL = 0;
				GCC_PREPROCESSOR_DEFINITIONS = (
					"DEBUG=1",
					"$(inherited)",
				);
				GCC_WARN_64_TO_32_BIT_CONVERSION = YES;
				GCC_WARN_ABOUT_RETURN_TYPE = YES_ERROR;
				GCC_WARN_UNDECLARED_SELECTOR = YES;
				GCC_WARN_UNINITIALIZED_AUTOS = YES_AGGRESSIVE;
				GCC_WARN_UNUSED_FUNCTION = YES;
				GCC_WARN_UNUSED_VARIABLE = YES;
				IPHONEOS_DEPLOYMENT_TARGET = 15.5;
				MTL_ENABLE_DEBUG_INFO = INCLUDE_SOURCE;
				MTL_FAST_MATH = YES;
				ONLY_ACTIVE_ARCH = YES;
				SDKROOT = iphoneos;
				SWIFT_ACTIVE_COMPILATION_CONDITIONS = DEBUG;
				SWIFT_OPTIMIZATION_LEVEL = "-Onone";
			};
			name = Debug;
		};
		3AF834AD28C64B6A0019BA30 /* Release */ = {
			isa = XCBuildConfiguration;
			buildSettings = {
				ALWAYS_SEARCH_USER_PATHS = NO;
				CLANG_ANALYZER_NONNULL = YES;
				CLANG_ANALYZER_NUMBER_OBJECT_CONVERSION = YES_AGGRESSIVE;
				CLANG_CXX_LANGUAGE_STANDARD = "gnu++17";
				CLANG_ENABLE_MODULES = YES;
				CLANG_ENABLE_OBJC_ARC = YES;
				CLANG_ENABLE_OBJC_WEAK = YES;
				CLANG_WARN_BLOCK_CAPTURE_AUTORELEASING = YES;
				CLANG_WARN_BOOL_CONVERSION = YES;
				CLANG_WARN_COMMA = YES;
				CLANG_WARN_CONSTANT_CONVERSION = YES;
				CLANG_WARN_DEPRECATED_OBJC_IMPLEMENTATIONS = YES;
				CLANG_WARN_DIRECT_OBJC_ISA_USAGE = YES_ERROR;
				CLANG_WARN_DOCUMENTATION_COMMENTS = YES;
				CLANG_WARN_EMPTY_BODY = YES;
				CLANG_WARN_ENUM_CONVERSION = YES;
				CLANG_WARN_INFINITE_RECURSION = YES;
				CLANG_WARN_INT_CONVERSION = YES;
				CLANG_WARN_NON_LITERAL_NULL_CONVERSION = YES;
				CLANG_WARN_OBJC_IMPLICIT_RETAIN_SELF = YES;
				CLANG_WARN_OBJC_LITERAL_CONVERSION = YES;
				CLANG_WARN_OBJC_ROOT_CLASS = YES_ERROR;
				CLANG_WARN_QUOTED_INCLUDE_IN_FRAMEWORK_HEADER = YES;
				CLANG_WARN_RANGE_LOOP_ANALYSIS = YES;
				CLANG_WARN_STRICT_PROTOTYPES = YES;
				CLANG_WARN_SUSPICIOUS_MOVE = YES;
				CLANG_WARN_UNGUARDED_AVAILABILITY = YES_AGGRESSIVE;
				CLANG_WARN_UNREACHABLE_CODE = YES;
				CLANG_WARN__DUPLICATE_METHOD_MATCH = YES;
				COPY_PHASE_STRIP = NO;
				DEBUG_INFORMATION_FORMAT = "dwarf-with-dsym";
				ENABLE_NS_ASSERTIONS = NO;
				ENABLE_STRICT_OBJC_MSGSEND = YES;
				GCC_C_LANGUAGE_STANDARD = gnu11;
				GCC_NO_COMMON_BLOCKS = YES;
				GCC_WARN_64_TO_32_BIT_CONVERSION = YES;
				GCC_WARN_ABOUT_RETURN_TYPE = YES_ERROR;
				GCC_WARN_UNDECLARED_SELECTOR = YES;
				GCC_WARN_UNINITIALIZED_AUTOS = YES_AGGRESSIVE;
				GCC_WARN_UNUSED_FUNCTION = YES;
				GCC_WARN_UNUSED_VARIABLE = YES;
				IPHONEOS_DEPLOYMENT_TARGET = 15.5;
				MTL_ENABLE_DEBUG_INFO = NO;
				MTL_FAST_MATH = YES;
				SDKROOT = iphoneos;
				SWIFT_COMPILATION_MODE = wholemodule;
				SWIFT_OPTIMIZATION_LEVEL = "-O";
				VALIDATE_PRODUCT = YES;
			};
			name = Release;
		};
		3AF834AF28C64B6A0019BA30 /* Debug */ = {
			isa = XCBuildConfiguration;
			buildSettings = {
				ASSETCATALOG_COMPILER_APPICON_NAME = AppIcon;
				ASSETCATALOG_COMPILER_GLOBAL_ACCENT_COLOR_NAME = AccentColor;
				CODE_SIGN_STYLE = Automatic;
				CURRENT_PROJECT_VERSION = 1;
				DEVELOPMENT_TEAM = XPDQ86R58G;
				GENERATE_INFOPLIST_FILE = YES;
				INFOPLIST_FILE = "HW14-Khrapov/Resources/Configs/Info.plist";
				INFOPLIST_KEY_UIApplicationSupportsIndirectInputEvents = YES;
				INFOPLIST_KEY_UILaunchStoryboardName = LaunchScreen;
				INFOPLIST_KEY_UIMainStoryboardFile = Main;
				INFOPLIST_KEY_UISupportedInterfaceOrientations_iPad = "UIInterfaceOrientationPortrait UIInterfaceOrientationPortraitUpsideDown UIInterfaceOrientationLandscapeLeft UIInterfaceOrientationLandscapeRight";
				INFOPLIST_KEY_UISupportedInterfaceOrientations_iPhone = "UIInterfaceOrientationPortrait UIInterfaceOrientationLandscapeLeft UIInterfaceOrientationLandscapeRight";
				LD_RUNPATH_SEARCH_PATHS = (
					"$(inherited)",
					"@executable_path/Frameworks",
				);
				MARKETING_VERSION = 1.0;
				PRODUCT_BUNDLE_IDENTIFIER = "com.my.HW14-Khrapov";
				PRODUCT_NAME = "$(TARGET_NAME)";
				SWIFT_EMIT_LOC_STRINGS = YES;
				SWIFT_VERSION = 5.0;
				TARGETED_DEVICE_FAMILY = "1,2";
			};
			name = Debug;
		};
		3AF834B028C64B6A0019BA30 /* Release */ = {
			isa = XCBuildConfiguration;
			buildSettings = {
				ASSETCATALOG_COMPILER_APPICON_NAME = AppIcon;
				ASSETCATALOG_COMPILER_GLOBAL_ACCENT_COLOR_NAME = AccentColor;
				CODE_SIGN_STYLE = Automatic;
				CURRENT_PROJECT_VERSION = 1;
				DEVELOPMENT_TEAM = XPDQ86R58G;
				GENERATE_INFOPLIST_FILE = YES;
				INFOPLIST_FILE = "HW14-Khrapov/Resources/Configs/Info.plist";
				INFOPLIST_KEY_UIApplicationSupportsIndirectInputEvents = YES;
				INFOPLIST_KEY_UILaunchStoryboardName = LaunchScreen;
				INFOPLIST_KEY_UIMainStoryboardFile = Main;
				INFOPLIST_KEY_UISupportedInterfaceOrientations_iPad = "UIInterfaceOrientationPortrait UIInterfaceOrientationPortraitUpsideDown UIInterfaceOrientationLandscapeLeft UIInterfaceOrientationLandscapeRight";
				INFOPLIST_KEY_UISupportedInterfaceOrientations_iPhone = "UIInterfaceOrientationPortrait UIInterfaceOrientationLandscapeLeft UIInterfaceOrientationLandscapeRight";
				LD_RUNPATH_SEARCH_PATHS = (
					"$(inherited)",
					"@executable_path/Frameworks",
				);
				MARKETING_VERSION = 1.0;
				PRODUCT_BUNDLE_IDENTIFIER = "com.my.HW14-Khrapov";
				PRODUCT_NAME = "$(TARGET_NAME)";
				SWIFT_EMIT_LOC_STRINGS = YES;
				SWIFT_VERSION = 5.0;
				TARGETED_DEVICE_FAMILY = "1,2";
			};
			name = Release;
		};
/* End XCBuildConfiguration section */

/* Begin XCConfigurationList section */
		3AF8349528C64B670019BA30 /* Build configuration list for PBXProject "HW14-Khrapov" */ = {
			isa = XCConfigurationList;
			buildConfigurations = (
				3AF834AC28C64B6A0019BA30 /* Debug */,
				3AF834AD28C64B6A0019BA30 /* Release */,
			);
			defaultConfigurationIsVisible = 0;
			defaultConfigurationName = Release;
		};
		3AF834AE28C64B6A0019BA30 /* Build configuration list for PBXNativeTarget "HW14-Khrapov" */ = {
			isa = XCConfigurationList;
			buildConfigurations = (
				3AF834AF28C64B6A0019BA30 /* Debug */,
				3AF834B028C64B6A0019BA30 /* Release */,
			);
			defaultConfigurationIsVisible = 0;
			defaultConfigurationName = Release;
		};
/* End XCConfigurationList section */

/* Begin XCRemoteSwiftPackageReference section */
		3AF834B128C64B8C0019BA30 /* XCRemoteSwiftPackageReference "SnapKit" */ = {
			isa = XCRemoteSwiftPackageReference;
			repositoryURL = "https://github.com/SnapKit/SnapKit.git";
			requirement = {
				branch = develop;
				kind = branch;
			};
		};
/* End XCRemoteSwiftPackageReference section */

/* Begin XCSwiftPackageProductDependency section */
		3AF834B228C64B8C0019BA30 /* SnapKit */ = {
			isa = XCSwiftPackageProductDependency;
			package = 3AF834B128C64B8C0019BA30 /* XCRemoteSwiftPackageReference "SnapKit" */;
			productName = SnapKit;
		};
/* End XCSwiftPackageProductDependency section */
	};
	rootObject = 3AF8349228C64B670019BA30 /* Project object */;
}
